
Microsoft Visual Studio Solution File, Format Version 12.00
# Visual Studio 15
VisualStudioVersion = 15.0.26124.0
MinimumVisualStudioVersion = 15.0.26124.0
Project("{2150E333-8FDC-42A3-9474-1A3956D46DE8}") = "src", "src", "{5B3AFFAC-517F-45EE-8B44-2726693BEA70}"
EndProject
Project("{FAE04EC0-301F-11D3-BF4B-00C04F79EFBC}") = "Warden.Examples.Console", "src\Warden.Examples.Console\Warden.Examples.Console.csproj", "{47E38917-5CE8-4B6A-BE6C-08A82CFBCB2C}"
EndProject
Global
	GlobalSection(SolutionConfigurationPlatforms) = preSolution
		Debug|Any CPU = Debug|Any CPU
		Debug|x64 = Debug|x64
		Debug|x86 = Debug|x86
		Release|Any CPU = Release|Any CPU
		Release|x64 = Release|x64
		Release|x86 = Release|x86
	EndGlobalSection
	GlobalSection(SolutionProperties) = preSolution
		HideSolutionNode = FALSE
	EndGlobalSection
	GlobalSection(ProjectConfigurationPlatforms) = postSolution
		{47E38917-5CE8-4B6A-BE6C-08A82CFBCB2C}.Debug|Any CPU.ActiveCfg = Debug|Any CPU
		{47E38917-5CE8-4B6A-BE6C-08A82CFBCB2C}.Debug|Any CPU.Build.0 = Debug|Any CPU
		{47E38917-5CE8-4B6A-BE6C-08A82CFBCB2C}.Debug|x64.ActiveCfg = Debug|x64
		{47E38917-5CE8-4B6A-BE6C-08A82CFBCB2C}.Debug|x64.Build.0 = Debug|x64
		{47E38917-5CE8-4B6A-BE6C-08A82CFBCB2C}.Debug|x86.ActiveCfg = Debug|x86
		{47E38917-5CE8-4B6A-BE6C-08A82CFBCB2C}.Debug|x86.Build.0 = Debug|x86
		{47E38917-5CE8-4B6A-BE6C-08A82CFBCB2C}.Release|Any CPU.ActiveCfg = Release|Any CPU
		{47E38917-5CE8-4B6A-BE6C-08A82CFBCB2C}.Release|Any CPU.Build.0 = Release|Any CPU
		{47E38917-5CE8-4B6A-BE6C-08A82CFBCB2C}.Release|x64.ActiveCfg = Release|x64
		{47E38917-5CE8-4B6A-BE6C-08A82CFBCB2C}.Release|x64.Build.0 = Release|x64
		{47E38917-5CE8-4B6A-BE6C-08A82CFBCB2C}.Release|x86.ActiveCfg = Release|x86
		{47E38917-5CE8-4B6A-BE6C-08A82CFBCB2C}.Release|x86.Build.0 = Release|x86
	EndGlobalSection
	GlobalSection(NestedProjects) = preSolution
		{47E38917-5CE8-4B6A-BE6C-08A82CFBCB2C} = {5B3AFFAC-517F-45EE-8B44-2726693BEA70}
	EndGlobalSection
EndGlobal
